
Microsoft Visual Studio Solution File, Format Version 12.00
# Visual Studio Version 16
VisualStudioVersion = 16.0.30804.86
MinimumVisualStudioVersion = 10.0.40219.1
Project("{FAE04EC0-301F-11D3-BF4B-00C04F79EFBC}") = "DefineAnInterfaceIPerson", "DefineAnInterfaceIPerson\DefineAnInterfaceIPerson.csproj", "{4C95D6CF-56EB-469A-8DD4-FEB5944F8D9C}"
EndProject
Project("{FAE04EC0-301F-11D3-BF4B-00C04F79EFBC}") = "MultipleImplementation", "MultipleImplementation\MultipleImplementation.csproj", "{B09BD1E8-B4FD-4406-A3BA-5D2D3B232B71}"
EndProject
Project("{FAE04EC0-301F-11D3-BF4B-00C04F79EFBC}") = "Telephony", "Telephony\Telephony.csproj", "{E67FBD0B-B508-41BF-B2E8-3E73EB18CEDD}"
EndProject
Project("{FAE04EC0-301F-11D3-BF4B-00C04F79EFBC}") = "BorderControl", "BorderControl\BorderControl.csproj", "{31A20D53-F691-45E9-A56F-F450CF7AE4CE}"
EndProject
Project("{FAE04EC0-301F-11D3-BF4B-00C04F79EFBC}") = "BirthdayCelebrations", "BirthdayCelebrations\BirthdayCelebrations.csproj", "{68060590-79C4-419F-8274-A82226A3ED73}"
EndProject
Project("{FAE04EC0-301F-11D3-BF4B-00C04F79EFBC}") = "FoodShortage", "FoodShortage\FoodShortage.csproj", "{97E8E866-20C5-434F-936E-CF01F8483D30}"
EndProject
Project("{FAE04EC0-301F-11D3-BF4B-00C04F79EFBC}") = "MilitaryElite", "MilitaryElite\MilitaryElite.csproj", "{C19AB6DB-F71C-481D-9207-072FB47FEE19}"
EndProject
Global
	GlobalSection(SolutionConfigurationPlatforms) = preSolution
		Debug|Any CPU = Debug|Any CPU
		Release|Any CPU = Release|Any CPU
	EndGlobalSection
	GlobalSection(ProjectConfigurationPlatforms) = postSolution
		{4C95D6CF-56EB-469A-8DD4-FEB5944F8D9C}.Debug|Any CPU.ActiveCfg = Debug|Any CPU
		{4C95D6CF-56EB-469A-8DD4-FEB5944F8D9C}.Debug|Any CPU.Build.0 = Debug|Any CPU
		{4C95D6CF-56EB-469A-8DD4-FEB5944F8D9C}.Release|Any CPU.ActiveCfg = Release|Any CPU
		{4C95D6CF-56EB-469A-8DD4-FEB5944F8D9C}.Release|Any CPU.Build.0 = Release|Any CPU
		{B09BD1E8-B4FD-4406-A3BA-5D2D3B232B71}.Debug|Any CPU.ActiveCfg = Debug|Any CPU
		{B09BD1E8-B4FD-4406-A3BA-5D2D3B232B71}.Debug|Any CPU.Build.0 = Debug|Any CPU
		{B09BD1E8-B4FD-4406-A3BA-5D2D3B232B71}.Release|Any CPU.ActiveCfg = Release|Any CPU
		{B09BD1E8-B4FD-4406-A3BA-5D2D3B232B71}.Release|Any CPU.Build.0 = Release|Any CPU
		{E67FBD0B-B508-41BF-B2E8-3E73EB18CEDD}.Debug|Any CPU.ActiveCfg = Debug|Any CPU
		{E67FBD0B-B508-41BF-B2E8-3E73EB18CEDD}.Debug|Any CPU.Build.0 = Debug|Any CPU
		{E67FBD0B-B508-41BF-B2E8-3E73EB18CEDD}.Release|Any CPU.ActiveCfg = Release|Any CPU
		{E67FBD0B-B508-41BF-B2E8-3E73EB18CEDD}.Release|Any CPU.Build.0 = Release|Any CPU
		{31A20D53-F691-45E9-A56F-F450CF7AE4CE}.Debug|Any CPU.ActiveCfg = Debug|Any CPU
		{31A20D53-F691-45E9-A56F-F450CF7AE4CE}.Debug|Any CPU.Build.0 = Debug|Any CPU
		{31A20D53-F691-45E9-A56F-F450CF7AE4CE}.Release|Any CPU.ActiveCfg = Release|Any CPU
		{31A20D53-F691-45E9-A56F-F450CF7AE4CE}.Release|Any CPU.Build.0 = Release|Any CPU
		{68060590-79C4-419F-8274-A82226A3ED73}.Debug|Any CPU.ActiveCfg = Debug|Any CPU
		{68060590-79C4-419F-8274-A82226A3ED73}.Debug|Any CPU.Build.0 = Debug|Any CPU
		{68060590-79C4-419F-8274-A82226A3ED73}.Release|Any CPU.ActiveCfg = Release|Any CPU
		{68060590-79C4-419F-8274-A82226A3ED73}.Release|Any CPU.Build.0 = Release|Any CPU
		{97E8E866-20C5-434F-936E-CF01F8483D30}.Debug|Any CPU.ActiveCfg = Debug|Any CPU
		{97E8E866-20C5-434F-936E-CF01F8483D30}.Debug|Any CPU.Build.0 = Debug|Any CPU
		{97E8E866-20C5-434F-936E-CF01F8483D30}.Release|Any CPU.ActiveCfg = Release|Any CPU
		{97E8E866-20C5-434F-936E-CF01F8483D30}.Release|Any CPU.Build.0 = Release|Any CPU
		{C19AB6DB-F71C-481D-9207-072FB47FEE19}.Debug|Any CPU.ActiveCfg = Debug|Any CPU
		{C19AB6DB-F71C-481D-9207-072FB47FEE19}.Debug|Any CPU.Build.0 = Debug|Any CPU
		{C19AB6DB-F71C-481D-9207-072FB47FEE19}.Release|Any CPU.ActiveCfg = Release|Any CPU
		{C19AB6DB-F71C-481D-9207-072FB47FEE19}.Release|Any CPU.Build.0 = Release|Any CPU
	EndGlobalSection
	GlobalSection(SolutionProperties) = preSolution
		HideSolutionNode = FALSE
	EndGlobalSection
	GlobalSection(ExtensibilityGlobals) = postSolution
		SolutionGuid = {7A6CA8CC-8B1C-4D02-A18D-92156BF3B12D}
	EndGlobalSection
EndGlobal
