
Microsoft Visual Studio Solution File, Format Version 12.00
# Visual Studio Version 16
VisualStudioVersion = 16.0.31205.134
MinimumVisualStudioVersion = 10.0.40219.1
Project("{FAE04EC0-301F-11D3-BF4B-00C04F79EFBC}") = "Stealer", "Stealer\Stealer.csproj", "{194391D4-DE16-494A-8CE5-B934DEFE18C6}"
EndProject
Project("{FAE04EC0-301F-11D3-BF4B-00C04F79EFBC}") = "HighQualityMistakes", "HighQualityMistakes\HighQualityMistakes.csproj", "{AD55658B-6F6D-472D-977A-797F8AF50033}"
EndProject
Project("{FAE04EC0-301F-11D3-BF4B-00C04F79EFBC}") = "MissionPrivateImpossible", "MissionPrivateImpossible\MissionPrivateImpossible.csproj", "{83B0D08D-32FA-4486-B79A-E8287F1D24CF}"
EndProject
Global
	GlobalSection(SolutionConfigurationPlatforms) = preSolution
		Debug|Any CPU = Debug|Any CPU
		Release|Any CPU = Release|Any CPU
	EndGlobalSection
	GlobalSection(ProjectConfigurationPlatforms) = postSolution
		{194391D4-DE16-494A-8CE5-B934DEFE18C6}.Debug|Any CPU.ActiveCfg = Debug|Any CPU
		{194391D4-DE16-494A-8CE5-B934DEFE18C6}.Debug|Any CPU.Build.0 = Debug|Any CPU
		{194391D4-DE16-494A-8CE5-B934DEFE18C6}.Release|Any CPU.ActiveCfg = Release|Any CPU
		{194391D4-DE16-494A-8CE5-B934DEFE18C6}.Release|Any CPU.Build.0 = Release|Any CPU
		{AD55658B-6F6D-472D-977A-797F8AF50033}.Debug|Any CPU.ActiveCfg = Debug|Any CPU
		{AD55658B-6F6D-472D-977A-797F8AF50033}.Debug|Any CPU.Build.0 = Debug|Any CPU
		{AD55658B-6F6D-472D-977A-797F8AF50033}.Release|Any CPU.ActiveCfg = Release|Any CPU
		{AD55658B-6F6D-472D-977A-797F8AF50033}.Release|Any CPU.Build.0 = Release|Any CPU
		{83B0D08D-32FA-4486-B79A-E8287F1D24CF}.Debug|Any CPU.ActiveCfg = Debug|Any CPU
		{83B0D08D-32FA-4486-B79A-E8287F1D24CF}.Debug|Any CPU.Build.0 = Debug|Any CPU
		{83B0D08D-32FA-4486-B79A-E8287F1D24CF}.Release|Any CPU.ActiveCfg = Release|Any CPU
		{83B0D08D-32FA-4486-B79A-E8287F1D24CF}.Release|Any CPU.Build.0 = Release|Any CPU
	EndGlobalSection
	GlobalSection(SolutionProperties) = preSolution
		HideSolutionNode = FALSE
	EndGlobalSection
	GlobalSection(ExtensibilityGlobals) = postSolution
		SolutionGuid = {FE2F9B73-53E1-430E-8DC5-1E883BAC16E4}
	EndGlobalSection
EndGlobal
