
Microsoft Visual Studio Solution File, Format Version 12.00
# Visual Studio Version 16
VisualStudioVersion = 16.0.30804.86
MinimumVisualStudioVersion = 10.0.40219.1
Project("{FAE04EC0-301F-11D3-BF4B-00C04F79EFBC}") = "Persons", "Persons\Persons.csproj", "{AE74D1BE-5735-40B5-9C91-5B1E8F6FFFDA}"
EndProject
Global
	GlobalSection(SolutionConfigurationPlatforms) = preSolution
		Debug|Any CPU = Debug|Any CPU
		Release|Any CPU = Release|Any CPU
	EndGlobalSection
	GlobalSection(ProjectConfigurationPlatforms) = postSolution
		{AE74D1BE-5735-40B5-9C91-5B1E8F6FFFDA}.Debug|Any CPU.ActiveCfg = Debug|Any CPU
		{AE74D1BE-5735-40B5-9C91-5B1E8F6FFFDA}.Debug|Any CPU.Build.0 = Debug|Any CPU
		{AE74D1BE-5735-40B5-9C91-5B1E8F6FFFDA}.Release|Any CPU.ActiveCfg = Release|Any CPU
		{AE74D1BE-5735-40B5-9C91-5B1E8F6FFFDA}.Release|Any CPU.Build.0 = Release|Any CPU
	EndGlobalSection
	GlobalSection(SolutionProperties) = preSolution
		HideSolutionNode = FALSE
	EndGlobalSection
	GlobalSection(ExtensibilityGlobals) = postSolution
		SolutionGuid = {B2C59DB8-3399-4F5A-92DA-B991E1B0A110}
	EndGlobalSection
EndGlobal
