
Microsoft Visual Studio Solution File, Format Version 12.00
# Visual Studio Version 16
VisualStudioVersion = 16.0.30804.86
MinimumVisualStudioVersion = 10.0.40219.1
Project("{FAE04EC0-301F-11D3-BF4B-00C04F79EFBC}") = "Person", "Person\Person.csproj", "{A8F0B561-A9FF-4EC0-8AF8-58F7495DD204}"
EndProject
Project("{FAE04EC0-301F-11D3-BF4B-00C04F79EFBC}") = "Zoo", "Zoo\Zoo.csproj", "{D0079124-E628-442F-9A4D-53218E29D277}"
EndProject
Project("{FAE04EC0-301F-11D3-BF4B-00C04F79EFBC}") = "PlayersAndMonsters", "PlayersAndMonsters\PlayersAndMonsters.csproj", "{AA3ED2EB-656C-4779-B104-67BD4EE17DCB}"
EndProject
Project("{FAE04EC0-301F-11D3-BF4B-00C04F79EFBC}") = "NeedForSpeed", "NeedForSpeed\NeedForSpeed.csproj", "{B5FAC862-6780-4751-9207-346B201C389C}"
EndProject
Project("{FAE04EC0-301F-11D3-BF4B-00C04F79EFBC}") = "Restaurant", "Restaurant\Restaurant.csproj", "{7F8B0E83-42DE-4098-8281-606F12755C93}"
EndProject
Project("{FAE04EC0-301F-11D3-BF4B-00C04F79EFBC}") = "Animals", "Animals\Animals.csproj", "{DE104534-F4B0-4523-B309-78A445C35B39}"
EndProject
Global
	GlobalSection(SolutionConfigurationPlatforms) = preSolution
		Debug|Any CPU = Debug|Any CPU
		Release|Any CPU = Release|Any CPU
	EndGlobalSection
	GlobalSection(ProjectConfigurationPlatforms) = postSolution
		{A8F0B561-A9FF-4EC0-8AF8-58F7495DD204}.Debug|Any CPU.ActiveCfg = Debug|Any CPU
		{A8F0B561-A9FF-4EC0-8AF8-58F7495DD204}.Debug|Any CPU.Build.0 = Debug|Any CPU
		{A8F0B561-A9FF-4EC0-8AF8-58F7495DD204}.Release|Any CPU.ActiveCfg = Release|Any CPU
		{A8F0B561-A9FF-4EC0-8AF8-58F7495DD204}.Release|Any CPU.Build.0 = Release|Any CPU
		{D0079124-E628-442F-9A4D-53218E29D277}.Debug|Any CPU.ActiveCfg = Debug|Any CPU
		{D0079124-E628-442F-9A4D-53218E29D277}.Debug|Any CPU.Build.0 = Debug|Any CPU
		{D0079124-E628-442F-9A4D-53218E29D277}.Release|Any CPU.ActiveCfg = Release|Any CPU
		{D0079124-E628-442F-9A4D-53218E29D277}.Release|Any CPU.Build.0 = Release|Any CPU
		{AA3ED2EB-656C-4779-B104-67BD4EE17DCB}.Debug|Any CPU.ActiveCfg = Debug|Any CPU
		{AA3ED2EB-656C-4779-B104-67BD4EE17DCB}.Debug|Any CPU.Build.0 = Debug|Any CPU
		{AA3ED2EB-656C-4779-B104-67BD4EE17DCB}.Release|Any CPU.ActiveCfg = Release|Any CPU
		{AA3ED2EB-656C-4779-B104-67BD4EE17DCB}.Release|Any CPU.Build.0 = Release|Any CPU
		{B5FAC862-6780-4751-9207-346B201C389C}.Debug|Any CPU.ActiveCfg = Debug|Any CPU
		{B5FAC862-6780-4751-9207-346B201C389C}.Debug|Any CPU.Build.0 = Debug|Any CPU
		{B5FAC862-6780-4751-9207-346B201C389C}.Release|Any CPU.ActiveCfg = Release|Any CPU
		{B5FAC862-6780-4751-9207-346B201C389C}.Release|Any CPU.Build.0 = Release|Any CPU
		{7F8B0E83-42DE-4098-8281-606F12755C93}.Debug|Any CPU.ActiveCfg = Debug|Any CPU
		{7F8B0E83-42DE-4098-8281-606F12755C93}.Debug|Any CPU.Build.0 = Debug|Any CPU
		{7F8B0E83-42DE-4098-8281-606F12755C93}.Release|Any CPU.ActiveCfg = Release|Any CPU
		{7F8B0E83-42DE-4098-8281-606F12755C93}.Release|Any CPU.Build.0 = Release|Any CPU
		{DE104534-F4B0-4523-B309-78A445C35B39}.Debug|Any CPU.ActiveCfg = Debug|Any CPU
		{DE104534-F4B0-4523-B309-78A445C35B39}.Debug|Any CPU.Build.0 = Debug|Any CPU
		{DE104534-F4B0-4523-B309-78A445C35B39}.Release|Any CPU.ActiveCfg = Release|Any CPU
		{DE104534-F4B0-4523-B309-78A445C35B39}.Release|Any CPU.Build.0 = Release|Any CPU
	EndGlobalSection
	GlobalSection(SolutionProperties) = preSolution
		HideSolutionNode = FALSE
	EndGlobalSection
	GlobalSection(ExtensibilityGlobals) = postSolution
		SolutionGuid = {904A1865-3A4E-4DC1-B207-A237CF2AA6C5}
	EndGlobalSection
EndGlobal
