
Microsoft Visual Studio Solution File, Format Version 12.00
# Visual Studio Version 16
VisualStudioVersion = 16.0.30804.86
MinimumVisualStudioVersion = 10.0.40219.1
Project("{9A19103F-16F7-4668-BE54-9A1E7A4F7556}") = "RawData", "RawData\RawData.csproj", "{BA0EDC05-0F3D-45B2-98AD-73654CCAB66B}"
EndProject
Project("{9A19103F-16F7-4668-BE54-9A1E7A4F7556}") = "CarSalesman", "CarSalesman\CarSalesman.csproj", "{CA30FE76-961C-4B3B-84F9-2D67A2297642}"
EndProject
Project("{9A19103F-16F7-4668-BE54-9A1E7A4F7556}") = "JediGalaxy", "JediGalaxy\JediGalaxy.csproj", "{C26E0F17-ED80-4D9B-8D25-6479368F7BD6}"
EndProject
Project("{FAE04EC0-301F-11D3-BF4B-00C04F79EFBC}") = "Hospital", "Hospital\Hospital.csproj", "{0C786D27-C4C4-4A8B-A0EE-3A3F7EF091AE}"
EndProject
Global
	GlobalSection(SolutionConfigurationPlatforms) = preSolution
		Debug|Any CPU = Debug|Any CPU
		Release|Any CPU = Release|Any CPU
	EndGlobalSection
	GlobalSection(ProjectConfigurationPlatforms) = postSolution
		{BA0EDC05-0F3D-45B2-98AD-73654CCAB66B}.Debug|Any CPU.ActiveCfg = Debug|Any CPU
		{BA0EDC05-0F3D-45B2-98AD-73654CCAB66B}.Debug|Any CPU.Build.0 = Debug|Any CPU
		{BA0EDC05-0F3D-45B2-98AD-73654CCAB66B}.Release|Any CPU.ActiveCfg = Release|Any CPU
		{BA0EDC05-0F3D-45B2-98AD-73654CCAB66B}.Release|Any CPU.Build.0 = Release|Any CPU
		{CA30FE76-961C-4B3B-84F9-2D67A2297642}.Debug|Any CPU.ActiveCfg = Debug|Any CPU
		{CA30FE76-961C-4B3B-84F9-2D67A2297642}.Debug|Any CPU.Build.0 = Debug|Any CPU
		{CA30FE76-961C-4B3B-84F9-2D67A2297642}.Release|Any CPU.ActiveCfg = Release|Any CPU
		{CA30FE76-961C-4B3B-84F9-2D67A2297642}.Release|Any CPU.Build.0 = Release|Any CPU
		{C26E0F17-ED80-4D9B-8D25-6479368F7BD6}.Debug|Any CPU.ActiveCfg = Debug|Any CPU
		{C26E0F17-ED80-4D9B-8D25-6479368F7BD6}.Debug|Any CPU.Build.0 = Debug|Any CPU
		{C26E0F17-ED80-4D9B-8D25-6479368F7BD6}.Release|Any CPU.ActiveCfg = Release|Any CPU
		{C26E0F17-ED80-4D9B-8D25-6479368F7BD6}.Release|Any CPU.Build.0 = Release|Any CPU
		{0C786D27-C4C4-4A8B-A0EE-3A3F7EF091AE}.Debug|Any CPU.ActiveCfg = Debug|Any CPU
		{0C786D27-C4C4-4A8B-A0EE-3A3F7EF091AE}.Debug|Any CPU.Build.0 = Debug|Any CPU
		{0C786D27-C4C4-4A8B-A0EE-3A3F7EF091AE}.Release|Any CPU.ActiveCfg = Release|Any CPU
		{0C786D27-C4C4-4A8B-A0EE-3A3F7EF091AE}.Release|Any CPU.Build.0 = Release|Any CPU
	EndGlobalSection
	GlobalSection(SolutionProperties) = preSolution
		HideSolutionNode = FALSE
	EndGlobalSection
	GlobalSection(ExtensibilityGlobals) = postSolution
		SolutionGuid = {DB59E4F5-5C82-4F6C-B76F-3F9D98277AF6}
	EndGlobalSection
EndGlobal
