
Microsoft Visual Studio Solution File, Format Version 12.00
# Visual Studio Version 16
VisualStudioVersion = 16.0.30804.86
MinimumVisualStudioVersion = 10.0.40219.1
Project("{9A19103F-16F7-4668-BE54-9A1E7A4F7556}") = "Vehicles", "Vehicles\Vehicles.csproj", "{108D463A-6F20-494E-8B05-775457205A2D}"
EndProject
Project("{FAE04EC0-301F-11D3-BF4B-00C04F79EFBC}") = "VehiclesExtension", "VehiclesExtension\VehiclesExtension.csproj", "{8C103FD8-FBBC-4C2A-ACC1-F774802DE524}"
EndProject
Project("{FAE04EC0-301F-11D3-BF4B-00C04F79EFBC}") = "Raiding", "Raiding\Raiding.csproj", "{A007ADD8-9599-4ABB-A2BF-F3CFE283B864}"
EndProject
Global
	GlobalSection(SolutionConfigurationPlatforms) = preSolution
		Debug|Any CPU = Debug|Any CPU
		Release|Any CPU = Release|Any CPU
	EndGlobalSection
	GlobalSection(ProjectConfigurationPlatforms) = postSolution
		{108D463A-6F20-494E-8B05-775457205A2D}.Debug|Any CPU.ActiveCfg = Debug|Any CPU
		{108D463A-6F20-494E-8B05-775457205A2D}.Debug|Any CPU.Build.0 = Debug|Any CPU
		{108D463A-6F20-494E-8B05-775457205A2D}.Release|Any CPU.ActiveCfg = Release|Any CPU
		{108D463A-6F20-494E-8B05-775457205A2D}.Release|Any CPU.Build.0 = Release|Any CPU
		{8C103FD8-FBBC-4C2A-ACC1-F774802DE524}.Debug|Any CPU.ActiveCfg = Debug|Any CPU
		{8C103FD8-FBBC-4C2A-ACC1-F774802DE524}.Debug|Any CPU.Build.0 = Debug|Any CPU
		{8C103FD8-FBBC-4C2A-ACC1-F774802DE524}.Release|Any CPU.ActiveCfg = Release|Any CPU
		{8C103FD8-FBBC-4C2A-ACC1-F774802DE524}.Release|Any CPU.Build.0 = Release|Any CPU
		{A007ADD8-9599-4ABB-A2BF-F3CFE283B864}.Debug|Any CPU.ActiveCfg = Debug|Any CPU
		{A007ADD8-9599-4ABB-A2BF-F3CFE283B864}.Debug|Any CPU.Build.0 = Debug|Any CPU
		{A007ADD8-9599-4ABB-A2BF-F3CFE283B864}.Release|Any CPU.ActiveCfg = Release|Any CPU
		{A007ADD8-9599-4ABB-A2BF-F3CFE283B864}.Release|Any CPU.Build.0 = Release|Any CPU
	EndGlobalSection
	GlobalSection(SolutionProperties) = preSolution
		HideSolutionNode = FALSE
	EndGlobalSection
	GlobalSection(ExtensibilityGlobals) = postSolution
		SolutionGuid = {ABF16F4C-8B69-4CF2-B889-EF9BC1D0C64C}
	EndGlobalSection
EndGlobal
