
Microsoft Visual Studio Solution File, Format Version 12.00
# Visual Studio Version 16
VisualStudioVersion = 16.0.30804.86
MinimumVisualStudioVersion = 10.0.40219.1
Project("{FAE04EC0-301F-11D3-BF4B-00C04F79EFBC}") = "Shapes", "Shapes\Shapes.csproj", "{F523BDC7-7FAF-4A34-8BCE-6A9B27CD3AC8}"
EndProject
Project("{FAE04EC0-301F-11D3-BF4B-00C04F79EFBC}") = "Cars", "Cars\Cars.csproj", "{7A7B3283-1F4A-4AD7-A478-5016250E4183}"
EndProject
Global
	GlobalSection(SolutionConfigurationPlatforms) = preSolution
		Debug|Any CPU = Debug|Any CPU
		Release|Any CPU = Release|Any CPU
	EndGlobalSection
	GlobalSection(ProjectConfigurationPlatforms) = postSolution
		{F523BDC7-7FAF-4A34-8BCE-6A9B27CD3AC8}.Debug|Any CPU.ActiveCfg = Debug|Any CPU
		{F523BDC7-7FAF-4A34-8BCE-6A9B27CD3AC8}.Debug|Any CPU.Build.0 = Debug|Any CPU
		{F523BDC7-7FAF-4A34-8BCE-6A9B27CD3AC8}.Release|Any CPU.ActiveCfg = Release|Any CPU
		{F523BDC7-7FAF-4A34-8BCE-6A9B27CD3AC8}.Release|Any CPU.Build.0 = Release|Any CPU
		{7A7B3283-1F4A-4AD7-A478-5016250E4183}.Debug|Any CPU.ActiveCfg = Debug|Any CPU
		{7A7B3283-1F4A-4AD7-A478-5016250E4183}.Debug|Any CPU.Build.0 = Debug|Any CPU
		{7A7B3283-1F4A-4AD7-A478-5016250E4183}.Release|Any CPU.ActiveCfg = Release|Any CPU
		{7A7B3283-1F4A-4AD7-A478-5016250E4183}.Release|Any CPU.Build.0 = Release|Any CPU
	EndGlobalSection
	GlobalSection(SolutionProperties) = preSolution
		HideSolutionNode = FALSE
	EndGlobalSection
	GlobalSection(ExtensibilityGlobals) = postSolution
		SolutionGuid = {1C615C20-3808-48A4-AEF7-C3C141F3AE8B}
	EndGlobalSection
EndGlobal
